
Microsoft Visual Studio Solution File, Format Version 12.00
# Visual Studio Version 16
VisualStudioVersion = 16.0.29411.108
MinimumVisualStudioVersion = 10.0.40219.1
Project("{8BC9CEB8-8B4A-11D0-8D11-00A0C91BC942}") = "charging_abnormal", "charging_abnormal.vcxproj", "{057083D9-D27C-4462-A3B7-F9C190DFBDED}"
EndProject
Global
	GlobalSection(SolutionConfigurationPlatforms) = preSolution
		Debug|x64 = Debug|x64
		Debug|x86 = Debug|x86
		Release|x64 = Release|x64
		Release|x86 = Release|x86
	EndGlobalSection
	GlobalSection(ProjectConfigurationPlatforms) = postSolution
		{057083D9-D27C-4462-A3B7-F9C190DFBDED}.Debug|x64.ActiveCfg = Debug|x64
		{057083D9-D27C-4462-A3B7-F9C190DFBDED}.Debug|x64.Build.0 = Debug|x64
		{057083D9-D27C-4462-A3B7-F9C190DFBDED}.Debug|x86.ActiveCfg = Debug|Win32
		{057083D9-D27C-4462-A3B7-F9C190DFBDED}.Debug|x86.Build.0 = Debug|Win32
		{057083D9-D27C-4462-A3B7-F9C190DFBDED}.Release|x64.ActiveCfg = Release|x64
		{057083D9-D27C-4462-A3B7-F9C190DFBDED}.Release|x64.Build.0 = Release|x64
		{057083D9-D27C-4462-A3B7-F9C190DFBDED}.Release|x86.ActiveCfg = Release|Win32
		{057083D9-D27C-4462-A3B7-F9C190DFBDED}.Release|x86.Build.0 = Release|Win32
	EndGlobalSection
	GlobalSection(SolutionProperties) = preSolution
		HideSolutionNode = FALSE
	EndGlobalSection
	GlobalSection(ExtensibilityGlobals) = postSolution
		SolutionGuid = {7E3F97CD-031C-449C-86FD-6AB9E9AC619B}
	EndGlobalSection
EndGlobal
